dependencies:
- name: grafana
  repository: https://grafana.github.io/helm-charts
  version: 10.5.15
- name: loki
  repository: https://grafana.github.io/helm-charts
  version: 6.53.0
- name: promtail
  repository: https://grafana.github.io/helm-charts
  version: 6.17.1
- name: tempo
  repository: https://grafana.github.io/helm-charts
  version: 1.24.4
- name: prometheus
  repository: https://prometheus-community.github.io/helm-charts
  version: 28.13.0
digest: sha256:523f5855a4ec99fe764391dbfb407e242f4d00ac9ce0213ceb2cd75741f58556
generated: "2026-03-06T18:41:48.884391528-03:00"
